lockfileVersion: '6.0'

settings:
  autoInstallPeers: true
  excludeLinksFromLockfile: false

dependencies:
  lodash.get:
    specifier: ^4.4.2
    version: registry.npmmirror.com/lodash.get@4.4.2
  markmap-common:
    specifier: ^0.15.3
    version: 0.15.3
  markmap-lib:
    specifier: ^0.15.4
    version: 0.15.4(markmap-common@0.15.3)

packages:

  /@babel/runtime@7.23.2:
    resolution: {integrity: sha512-mM8eg4yl5D6i3lu2QKPuPH4FArvJ8KhTofbE7jwMUv9KX5mBvwPAqnV3MlyBNqdp9RyRKP6Yck8TrfYrPvX3bg==}
    engines: {node: '>=6.9.0'}
    dependencies:
      regenerator-runtime: 0.14.0
    dev: false

  /@gera2ld/jsx-dom@2.2.2:
    resolution: {integrity: sha512-EOqf31IATRE6zS1W1EoWmXZhGfLAoO9FIlwTtHduSrBdud4npYBxYAkv8dZ5hudDPwJeeSjn40kbCL4wAzr8dA==}
    dependencies:
      '@babel/runtime': 7.23.2
    dev: false

  /argparse@1.0.10:
    resolution: {integrity: sha512-o5Roy6tNG4SL/FOkCAN6RzjiakZS25RLYFrcMttJqbdd8BWrnA+fGz57iN5Pb06pvBGvl5gQ0B48dJlslXvoTg==}
    dependencies:
      sprintf-js: 1.0.3
    dev: false

  /argparse@2.0.1:
    resolution: {integrity: sha512-8+9WqebbFzpX9OR+Wa6O29asIogeRMzcGtAINdpMHHyAg10f05aSFVBbcEqGf/PXw1EjAZ+q2/bEBg3DvurK3Q==}
    dev: false

  /autolinker@3.16.2:
    resolution: {integrity: sha512-JiYl7j2Z19F9NdTmirENSUUIIL/9MytEWtmzhfmsKPCp9E+G35Y0UNCMoM9tFigxT59qSc8Ml2dlZXOCVTYwuA==}
    dependencies:
      tslib: 2.4.0
    dev: false

  /commander@8.3.0:
    resolution: {integrity: sha512-OkTL9umf+He2DZkUq8f8J9of7yL6RJKI24dVITBmNfZBmri9zYZQrKkuXiKhyfPSu8tUhnVBB1iKXevvnlR4Ww==}
    engines: {node: '>= 12'}
    dev: false

  /highlight.js@11.9.0:
    resolution: {integrity: sha512-fJ7cW7fQGCYAkgv4CPfwFHrfd/cLS4Hau96JuJ+ZTOWhjnhoeN1ub1tFmALm/+lW5z4WCAuAV9bm05AP0mS6Gw==}
    engines: {node: '>=12.0.0'}
    dev: false

  /js-yaml@4.1.0:
    resolution: {integrity: sha512-wpxZs9NoxZaJESJGIZTyDEaYpl0FKSA+FB9aJiyemKhMwkxQg63h4T1KJgUGHpTqPDNRcmmYLugrRjJlBtWvRA==}
    hasBin: true
    dependencies:
      argparse: 2.0.1
    dev: false

  /katex@0.16.9:
    resolution: {integrity: sha512-fsSYjWS0EEOwvy81j3vRA8TEAhQhKiqO+FQaKWp0m39qwOzHVBgAUBIXWj1pB+O2W3fIpNa6Y9KSKCVbfPhyAQ==}
    hasBin: true
    dependencies:
      commander: 8.3.0
    dev: false

  /markmap-common@0.15.3:
    resolution: {integrity: sha512-a40FfdzFEKoyIhd5KDsV6FfkM55WWi2spRq/cUCsOZd8e4PAHMc9auCEjdxTWRiS2EGzET9sPpvyAmPSTva+/w==}
    dependencies:
      '@babel/runtime': 7.23.2
      '@gera2ld/jsx-dom': 2.2.2
      npm2url: 0.2.1
    dev: false

  /markmap-lib@0.15.4(markmap-common@0.15.3):
    resolution: {integrity: sha512-uz/IedoGXoDD6eXpmyD+1vx+g3rEzomX1uwnXOxnigXC9ApXG67lUhA4ffNlucgoV4/BLA2m6KyVvswECjljVQ==}
    peerDependencies:
      markmap-common: '*'
    dependencies:
      '@babel/runtime': 7.23.2
      highlight.js: 11.9.0
      js-yaml: 4.1.0
      katex: 0.16.9
      markmap-common: 0.15.3
      prismjs: 1.29.0
      remarkable: 2.0.1
      remarkable-katex: 1.2.1
    dev: false

  /npm2url@0.2.1:
    resolution: {integrity: sha512-Ls7mMyud1Kk0EisqsTt2TPtM7gLRvgmvDxOg3FPI5zjfhQ+ZFNBXX2K9VT7vo+HqUsz/uCiIxkcO0SvIuneVug==}
    dev: false

  /prismjs@1.29.0:
    resolution: {integrity: sha512-Kx/1w86q/epKcmte75LNrEoT+lX8pBpavuAbvJWRXar7Hz8jrtF+e3vY751p0R8H9HdArwaCTNDDzHg/ScJK1Q==}
    engines: {node: '>=6'}
    dev: false

  /regenerator-runtime@0.14.0:
    resolution: {integrity: sha512-srw17NI0TUWHuGa5CFGGmhfNIeja30WMBfbslPNhf6JrqQlLN5gcrvig1oqPxiVaXb0oW0XRKtH6Nngs5lKCIA==}
    dev: false

  /remarkable-katex@1.2.1:
    resolution: {integrity: sha512-Y1VquJBZnaVsfsVcKW2hmjT+pDL7mp8l5WAVlvuvViltrdok2m1AIKmJv8SsH+mBY84PoMw67t3kTWw1dIm8+g==}
    dev: false

  /remarkable@2.0.1:
    resolution: {integrity: sha512-YJyMcOH5lrR+kZdmB0aJJ4+93bEojRZ1HGDn9Eagu6ibg7aVZhc3OWbbShRid+Q5eAfsEqWxpe+g5W5nYNfNiA==}
    engines: {node: '>= 6.0.0'}
    hasBin: true
    dependencies:
      argparse: 1.0.10
      autolinker: 3.16.2
    dev: false

  /sprintf-js@1.0.3:
    resolution: {integrity: sha512-D9cPgkvLlV3t3IzL0D0YLvGA9Ahk4PcvVwUbN0dSGr1aP0Nrt4AEnTUbuGvquEC0mA64Gqt1fzirlRs5ibXx8g==}
    dev: false

  /tslib@2.4.0:
    resolution: {integrity: sha512-d6xOpEDfsi2CZVlPQzGeux8XMwLT9hssAsaPYExaQMuYskwb+x1x7J371tWlbBdWHroy99KnVB6qIkUbs5X3UQ==}
    dev: false

  registry.npmmirror.com/lodash.get@4.4.2:
    resolution: {integrity: sha512-z+Uw/vLuy6gQe8cfaFWD7p0wVv8fJl3mbzXh33RS+0oW2wvUqiRXiQ69gLWSLpgB5/6sU+r6BlQR0MBILadqTQ==, registry: https://registry.npmjs.org/, tarball: https://registry.npmmirror.com/lodash.get/-/lodash.get-4.4.2.tgz}
    name: lodash.get
    version: 4.4.2
    dev: false
