lockfileVersion: '6.0'

dependencies:
  lodash.get:
    specifier: ^4.4.2
    version: registry.npmmirror.com/lodash.get@4.4.2
  markmap-common:
    specifier: ^0.1.6
    version: registry.npmmirror.com/markmap-common@0.1.6
  markmap-lib:
    specifier: ^0.11.6
    version: registry.npmmirror.com/markmap-lib@0.11.6

packages:

  registry.npmmirror.com/@babel/runtime@7.20.0:
    resolution: {integrity: sha512-NDYdls71fTXoU8TZHfbBWg7DiZfNzClcKui/+kyi6ppD2L1qnWW3VV6CjtaBXSUGGhiTWJ6ereOIkUvenif66Q==, registry: https://registry.npmjs.org/, tarball: https://registry.npmmirror.com/@babel/runtime/-/runtime-7.20.0.tgz}
    name: '@babel/runtime'
    version: 7.20.0
    engines: {node: '>=6.9.0'}
    dependencies:
      regenerator-runtime: registry.npmmirror.com/regenerator-runtime@0.13.10
    dev: false

  registry.npmmirror.com/argparse@1.0.10:
    resolution: {integrity: sha512-o5Roy6tNG4SL/FOkCAN6RzjiakZS25RLYFrcMttJqbdd8BWrnA+fGz57iN5Pb06pvBGvl5gQ0B48dJlslXvoTg==, registry: https://registry.npmjs.org/, tarball: https://registry.npmmirror.com/argparse/-/argparse-1.0.10.tgz}
    name: argparse
    version: 1.0.10
    dependencies:
      sprintf-js: registry.npmmirror.com/sprintf-js@1.0.3
    dev: false

  registry.npmmirror.com/autolinker@3.16.2:
    resolution: {integrity: sha512-JiYl7j2Z19F9NdTmirENSUUIIL/9MytEWtmzhfmsKPCp9E+G35Y0UNCMoM9tFigxT59qSc8Ml2dlZXOCVTYwuA==, registry: https://registry.npmjs.org/, tarball: https://registry.npmmirror.com/autolinker/-/autolinker-3.16.2.tgz}
    name: autolinker
    version: 3.16.2
    dependencies:
      tslib: registry.npmmirror.com/tslib@2.4.0
    dev: false

  registry.npmmirror.com/commander@2.20.3:
    resolution: {integrity: sha512-GpVkmM8vF2vQUkj2LvZmD35JxeJOLCwJ9cUkugyk2nuhbv3+mJvpLYYt+0+USMxE+oj+ey/lJEnhZw75x/OMcQ==, registry: https://registry.npmjs.org/, tarball: https://registry.npmmirror.com/commander/-/commander-2.20.3.tgz}
    name: commander
    version: 2.20.3
    dev: false

  registry.npmmirror.com/katex@0.12.0:
    resolution: {integrity: sha512-y+8btoc/CK70XqcHqjxiGWBOeIL8upbS0peTPXTvgrh21n1RiWWcIpSWM+4uXq+IAgNh9YYQWdc7LVDPDAEEAg==, registry: https://registry.npmjs.org/, tarball: https://registry.npmmirror.com/katex/-/katex-0.12.0.tgz}
    name: katex
    version: 0.12.0
    hasBin: true
    dependencies:
      commander: registry.npmmirror.com/commander@2.20.3
    dev: false

  registry.npmmirror.com/lodash.get@4.4.2:
    resolution: {integrity: sha512-z+Uw/vLuy6gQe8cfaFWD7p0wVv8fJl3mbzXh33RS+0oW2wvUqiRXiQ69gLWSLpgB5/6sU+r6BlQR0MBILadqTQ==, registry: https://registry.npmjs.org/, tarball: https://registry.npmmirror.com/lodash.get/-/lodash.get-4.4.2.tgz}
    name: lodash.get
    version: 4.4.2
    dev: false

  registry.npmmirror.com/markmap-common@0.1.6:
    resolution: {integrity: sha512-fx4YUo6gZFFr08mi8qX8i6RH9xm5yieLKHr9hAdaTMP+CkPmgzB65F/+t39aFH5HcyEgs5vtTrRZ40lkhalETA==, registry: https://registry.npmjs.org/, tarball: https://registry.npmmirror.com/markmap-common/-/markmap-common-0.1.6.tgz}
    name: markmap-common
    version: 0.1.6
    dependencies:
      '@babel/runtime': registry.npmmirror.com/@babel/runtime@7.20.0
    dev: false

  registry.npmmirror.com/markmap-lib@0.11.6:
    resolution: {integrity: sha512-9CnLt/vZzNgW3kO/wqldhinKBbK/h8WUx5GGVjdn2JTs/DrDcZZbvAyVmke3VG+mnWwYHsnjLVIiCbPi5PaepA==, registry: https://registry.npmjs.org/, tarball: https://registry.npmmirror.com/markmap-lib/-/markmap-lib-0.11.6.tgz}
    name: markmap-lib
    version: 0.11.6
    engines: {node: '>=10'}
    dependencies:
      '@babel/runtime': registry.npmmirror.com/@babel/runtime@7.20.0
      katex: registry.npmmirror.com/katex@0.12.0
      markmap-common: registry.npmmirror.com/markmap-common@0.1.6
      prismjs: registry.npmmirror.com/prismjs@1.29.0
      remarkable: registry.npmmirror.com/remarkable@2.0.1
      remarkable-katex: registry.npmmirror.com/remarkable-katex@1.2.1
    dev: false

  registry.npmmirror.com/prismjs@1.29.0:
    resolution: {integrity: sha512-Kx/1w86q/epKcmte75LNrEoT+lX8pBpavuAbvJWRXar7Hz8jrtF+e3vY751p0R8H9HdArwaCTNDDzHg/ScJK1Q==, registry: https://registry.npmjs.org/, tarball: https://registry.npmmirror.com/prismjs/-/prismjs-1.29.0.tgz}
    name: prismjs
    version: 1.29.0
    engines: {node: '>=6'}
    dev: false

  registry.npmmirror.com/regenerator-runtime@0.13.10:
    resolution: {integrity: sha512-KepLsg4dU12hryUO7bp/axHAKvwGOCV0sGloQtpagJ12ai+ojVDqkeGSiRX1zlq+kjIMZ1t7gpze+26QqtdGqw==, registry: https://registry.npmjs.org/, tarball: https://registry.npmmirror.com/regenerator-runtime/-/regenerator-runtime-0.13.10.tgz}
    name: regenerator-runtime
    version: 0.13.10
    dev: false

  registry.npmmirror.com/remarkable-katex@1.2.1:
    resolution: {integrity: sha512-Y1VquJBZnaVsfsVcKW2hmjT+pDL7mp8l5WAVlvuvViltrdok2m1AIKmJv8SsH+mBY84PoMw67t3kTWw1dIm8+g==, registry: https://registry.npmjs.org/, tarball: https://registry.npmmirror.com/remarkable-katex/-/remarkable-katex-1.2.1.tgz}
    name: remarkable-katex
    version: 1.2.1
    dev: false

  registry.npmmirror.com/remarkable@2.0.1:
    resolution: {integrity: sha512-YJyMcOH5lrR+kZdmB0aJJ4+93bEojRZ1HGDn9Eagu6ibg7aVZhc3OWbbShRid+Q5eAfsEqWxpe+g5W5nYNfNiA==, registry: https://registry.npmjs.org/, tarball: https://registry.npmmirror.com/remarkable/-/remarkable-2.0.1.tgz}
    name: remarkable
    version: 2.0.1
    engines: {node: '>= 6.0.0'}
    hasBin: true
    dependencies:
      argparse: registry.npmmirror.com/argparse@1.0.10
      autolinker: registry.npmmirror.com/autolinker@3.16.2
    dev: false

  registry.npmmirror.com/sprintf-js@1.0.3:
    resolution: {integrity: sha512-D9cPgkvLlV3t3IzL0D0YLvGA9Ahk4PcvVwUbN0dSGr1aP0Nrt4AEnTUbuGvquEC0mA64Gqt1fzirlRs5ibXx8g==, registry: https://registry.npmjs.org/, tarball: https://registry.npmmirror.com/sprintf-js/-/sprintf-js-1.0.3.tgz}
    name: sprintf-js
    version: 1.0.3
    dev: false

  registry.npmmirror.com/tslib@2.4.0:
    resolution: {integrity: sha512-d6xOpEDfsi2CZVlPQzGeux8XMwLT9hssAsaPYExaQMuYskwb+x1x7J371tWlbBdWHroy99KnVB6qIkUbs5X3UQ==, registry: https://registry.npmjs.org/, tarball: https://registry.npmmirror.com/tslib/-/tslib-2.4.0.tgz}
    name: tslib
    version: 2.4.0
    dev: false
