# THIS IS AN AUTOGENERATED FILE. DO NOT EDIT THIS FILE DIRECTLY.
# yarn lockfile v1


"@babel/runtime@^7.12.1", "@babel/runtime@^7.12.5":
  version "7.15.3"
  resolved "https://registry.nlark.com/@babel/runtime/download/@babel/runtime-7.15.3.tgz#2e1c2880ca118e5b2f9988322bd8a7656a32502b"
  integrity sha1-LhwogMoRjlsvmYgyK9inZWoyUCs=
  dependencies:
    regenerator-runtime "^0.13.4"

argparse@^1.0.10:
  version "1.0.10"
  resolved "https://registry.npm.taobao.org/argparse/download/argparse-1.0.10.tgz#bcd6791ea5ae09725e17e5ad988134cd40b3d911"
  integrity sha1-vNZ5HqWuCXJeF+WtmIE0zUCz2RE=
  dependencies:
    sprintf-js "~1.0.2"

autolinker@^3.11.0:
  version "3.14.3"
  resolved "https://registry.npm.taobao.org/autolinker/download/autolinker-3.14.3.tgz#c61c424bc6077bcf2fc62803803ec2f58e15a7ec"
  integrity sha1-xhxCS8YHe88vxigDgD7C9Y4Vp+w=
  dependencies:
    tslib "^1.9.3"

commander@^2.19.0:
  version "2.20.3"
  resolved "https://registry.nlark.com/commander/download/commander-2.20.3.tgz?cache=0&sync_timestamp=1627358203890&other_urls=https%3A%2F%2Fregistry.nlark.com%2Fcommander%2Fdownload%2Fcommander-2.20.3.tgz#fd485e84c03eb4881c20722ba48035e8531aeb33"
  integrity sha1-/UhehMA+tIgcIHIrpIA16FMa6zM=

katex@^0.12.0:
  version "0.12.0"
  resolved "https://registry.nlark.com/katex/download/katex-0.12.0.tgz#2fb1c665dbd2b043edcf8a1f5c555f46beaa0cb9"
  integrity sha1-L7HGZdvSsEPtz4ofXFVfRr6qDLk=
  dependencies:
    commander "^2.19.0"

markmap-common@^0.1.5:
  version "0.1.5"
  resolved "https://registry.nlark.com/markmap-common/download/markmap-common-0.1.5.tgz#f48e7abac5790c72d5ab55429a214acbe1670922"
  integrity sha1-9I56usV5DHLVq1VCmiFKy+FnCSI=
  dependencies:
    "@babel/runtime" "^7.12.1"

markmap-lib@^0.11.6:
  version "0.11.6"
  resolved "https://registry.nlark.com/markmap-lib/download/markmap-lib-0.11.6.tgz#f57883f9b70350ead94ed2d56926166b6d7ab2ef"
  integrity sha1-9XiD+bcDUOrZTtLVaSYWa216su8=
  dependencies:
    "@babel/runtime" "^7.12.5"
    katex "^0.12.0"
    markmap-common "^0.1.5"
    prismjs "^1.21.0"
    remarkable "^2.0.0"
    remarkable-katex "^1.1.6"

prismjs@^1.21.0:
  version "1.24.1"
  resolved "https://registry.nlark.com/prismjs/download/prismjs-1.24.1.tgz#c4d7895c4d6500289482fa8936d9cdd192684036"
  integrity sha1-xNeJXE1lACiUgvqJNtnN0ZJoQDY=

regenerator-runtime@^0.13.4:
  version "0.13.9"
  resolved "https://registry.nlark.com/regenerator-runtime/download/regenerator-runtime-0.13.9.tgz?cache=0&other_urls=https%3A%2F%2Fregistry.nlark.com%2Fregenerator-runtime%2Fdownload%2Fregenerator-runtime-0.13.9.tgz#8925742a98ffd90814988d7566ad30ca3b263b52"
  integrity sha1-iSV0Kpj/2QgUmI11Zq0wyjsmO1I=

remarkable-katex@^1.1.6:
  version "1.1.8"
  resolved "https://registry.nlark.com/remarkable-katex/download/remarkable-katex-1.1.8.tgz#ace896c841314b3fe1ee1a4025f566d02a92c3de"
  integrity sha1-rOiWyEExSz/h7hpAJfVm0CqSw94=

remarkable@^2.0.0:
  version "2.0.1"
  resolved "https://registry.npm.taobao.org/remarkable/download/remarkable-2.0.1.tgz#280ae6627384dfb13d98ee3995627ca550a12f31"
  integrity sha1-KArmYnOE37E9mO45lWJ8pVChLzE=
  dependencies:
    argparse "^1.0.10"
    autolinker "^3.11.0"

sprintf-js@~1.0.2:
  version "1.0.3"
  resolved "https://registry.npm.taobao.org/sprintf-js/download/sprintf-js-1.0.3.tgz#04e6926f662895354f3dd015203633b857297e2c"
  integrity sha1-BOaSb2YolTVPPdAVIDYzuFcpfiw=

tslib@^1.9.3:
  version "1.14.1"
  resolved "https://registry.nlark.com/tslib/download/tslib-1.14.1.tgz#cf2d38bdc34a134bcaf1091c41f6619e2f672d00"
  integrity sha1-zy04vcNKE0vK8QkcQfZhni9nLQA=
